
Microsoft Visual Studio Solution File, Format Version 12.00
# Visual Studio Version 17
VisualStudioVersion = 17.3.32929.385
MinimumVisualStudioVersion = 10.0.40219.1
Project("{9A19103F-16F7-4668-BE54-9A1E7A4F7556}") = "SirenSiretApp", "SirenSiretApp\SirenSiretApp.csproj", "{018CF3FB-01F4-408F-B1FE-82E99655430E}"
EndProject
Project("{FAE04EC0-301F-11D3-BF4B-00C04F79EFBC}") = "SirenSiretAppTest", "SirenSiretAppTest\SirenSiretAppTest.csproj", "{4E3D42DB-D31A-4AD8-BF73-1E5EB1D28B93}"
EndProject
Global
	GlobalSection(SolutionConfigurationPlatforms) = preSolution
		Debug|Any CPU = Debug|Any CPU
		Release|Any CPU = Release|Any CPU
	EndGlobalSection
	GlobalSection(ProjectConfigurationPlatforms) = postSolution
		{018CF3FB-01F4-408F-B1FE-82E99655430E}.Debug|Any CPU.ActiveCfg = Debug|Any CPU
		{018CF3FB-01F4-408F-B1FE-82E99655430E}.Debug|Any CPU.Build.0 = Debug|Any CPU
		{018CF3FB-01F4-408F-B1FE-82E99655430E}.Release|Any CPU.ActiveCfg = Release|Any CPU
		{018CF3FB-01F4-408F-B1FE-82E99655430E}.Release|Any CPU.Build.0 = Release|Any CPU
		{4E3D42DB-D31A-4AD8-BF73-1E5EB1D28B93}.Debug|Any CPU.ActiveCfg = Debug|Any CPU
		{4E3D42DB-D31A-4AD8-BF73-1E5EB1D28B93}.Debug|Any CPU.Build.0 = Debug|Any CPU
		{4E3D42DB-D31A-4AD8-BF73-1E5EB1D28B93}.Release|Any CPU.ActiveCfg = Release|Any CPU
		{4E3D42DB-D31A-4AD8-BF73-1E5EB1D28B93}.Release|Any CPU.Build.0 = Release|Any CPU
	EndGlobalSection
	GlobalSection(SolutionProperties) = preSolution
		HideSolutionNode = FALSE
	EndGlobalSection
	GlobalSection(ExtensibilityGlobals) = postSolution
		SolutionGuid = {7026A26C-AE16-4FA7-8682-538F25532C20}
	EndGlobalSection
EndGlobal
